
Microsoft Visual Studio Solution File, Format Version 12.00
# Visual Studio Version 17
VisualStudioVersion = 17.5.33516.290
MinimumVisualStudioVersion = 10.0.40219.1
Project("{FAE04EC0-301F-11D3-BF4B-00C04F79EFBC}") = "AppCustoViagem.UWP", "AppCustoViagem\AppCustoViagem.UWP\AppCustoViagem.UWP.csproj", "{C3F7626D-5AAD-426F-A6EB-349C577DFF37}"
EndProject
Project("{FAE04EC0-301F-11D3-BF4B-00C04F79EFBC}") = "AppCustoViagem.Android", "AppCustoViagem\AppCustoViagem.Android\AppCustoViagem.Android.csproj", "{147847B0-4F03-4917-AACE-5B69F799A2BC}"
EndProject
Project("{FAE04EC0-301F-11D3-BF4B-00C04F79EFBC}") = "AppCustoViagem.iOS", "AppCustoViagem\AppCustoViagem.iOS\AppCustoViagem.iOS.csproj", "{24B2524C-D14A-422F-9299-268DD4F9D759}"
EndProject
Project("{FAE04EC0-301F-11D3-BF4B-00C04F79EFBC}") = "AppCustoViagem", "AppCustoViagem\AppCustoViagem\AppCustoViagem.csproj", "{89590B4D-9B3F-4577-824C-0E6DB92C5296}"
EndProject
Global
	GlobalSection(SolutionConfigurationPlatforms) = preSolution
		Debug|Any CPU = Debug|Any CPU
		Debug|ARM = Debug|ARM
		Debug|iPhone = Debug|iPhone
		Debug|iPhoneSimulator = Debug|iPhoneSimulator
		Debug|x64 = Debug|x64
		Debug|x86 = Debug|x86
		Release|Any CPU = Release|Any CPU
		Release|ARM = Release|ARM
		Release|iPhone = Release|iPhone
		Release|iPhoneSimulator = Release|iPhoneSimulator
		Release|x64 = Release|x64
		Release|x86 = Release|x86
	EndGlobalSection
	GlobalSection(ProjectConfigurationPlatforms) = postSolution
		{C3F7626D-5AAD-426F-A6EB-349C577DFF37}.Debug|Any CPU.ActiveCfg = Debug|x64
		{C3F7626D-5AAD-426F-A6EB-349C577DFF37}.Debug|Any CPU.Build.0 = Debug|x64
		{C3F7626D-5AAD-426F-A6EB-349C577DFF37}.Debug|Any CPU.Deploy.0 = Debug|x64
		{C3F7626D-5AAD-426F-A6EB-349C577DFF37}.Debug|ARM.ActiveCfg = Debug|ARM
		{C3F7626D-5AAD-426F-A6EB-349C577DFF37}.Debug|ARM.Build.0 = Debug|ARM
		{C3F7626D-5AAD-426F-A6EB-349C577DFF37}.Debug|ARM.Deploy.0 = Debug|ARM
		{C3F7626D-5AAD-426F-A6EB-349C577DFF37}.Debug|iPhone.ActiveCfg = Debug|x64
		{C3F7626D-5AAD-426F-A6EB-349C577DFF37}.Debug|iPhone.Build.0 = Debug|x64
		{C3F7626D-5AAD-426F-A6EB-349C577DFF37}.Debug|iPhone.Deploy.0 = Debug|x64
		{C3F7626D-5AAD-426F-A6EB-349C577DFF37}.Debug|iPhoneSimulator.ActiveCfg = Debug|x64
		{C3F7626D-5AAD-426F-A6EB-349C577DFF37}.Debug|iPhoneSimulator.Build.0 = Debug|x64
		{C3F7626D-5AAD-426F-A6EB-349C577DFF37}.Debug|iPhoneSimulator.Deploy.0 = Debug|x64
		{C3F7626D-5AAD-426F-A6EB-349C577DFF37}.Debug|x64.ActiveCfg = Debug|x64
		{C3F7626D-5AAD-426F-A6EB-349C577DFF37}.Debug|x64.Build.0 = Debug|x64
		{C3F7626D-5AAD-426F-A6EB-349C577DFF37}.Debug|x64.Deploy.0 = Debug|x64
		{C3F7626D-5AAD-426F-A6EB-349C577DFF37}.Debug|x86.ActiveCfg = Debug|x86
		{C3F7626D-5AAD-426F-A6EB-349C577DFF37}.Debug|x86.Build.0 = Debug|x86
		{C3F7626D-5AAD-426F-A6EB-349C577DFF37}.Debug|x86.Deploy.0 = Debug|x86
		{C3F7626D-5AAD-426F-A6EB-349C577DFF37}.Release|Any CPU.ActiveCfg = Release|x64
		{C3F7626D-5AAD-426F-A6EB-349C577DFF37}.Release|Any CPU.Build.0 = Release|x64
		{C3F7626D-5AAD-426F-A6EB-349C577DFF37}.Release|Any CPU.Deploy.0 = Release|x64
		{C3F7626D-5AAD-426F-A6EB-349C577DFF37}.Release|ARM.ActiveCfg = Release|ARM
		{C3F7626D-5AAD-426F-A6EB-349C577DFF37}.Release|ARM.Build.0 = Release|ARM
		{C3F7626D-5AAD-426F-A6EB-349C577DFF37}.Release|ARM.Deploy.0 = Release|ARM
		{C3F7626D-5AAD-426F-A6EB-349C577DFF37}.Release|iPhone.ActiveCfg = Release|x64
		{C3F7626D-5AAD-426F-A6EB-349C577DFF37}.Release|iPhone.Build.0 = Release|x64
		{C3F7626D-5AAD-426F-A6EB-349C577DFF37}.Release|iPhone.Deploy.0 = Release|x64
		{C3F7626D-5AAD-426F-A6EB-349C577DFF37}.Release|iPhoneSimulator.ActiveCfg = Release|x64
		{C3F7626D-5AAD-426F-A6EB-349C577DFF37}.Release|iPhoneSimulator.Build.0 = Release|x64
		{C3F7626D-5AAD-426F-A6EB-349C577DFF37}.Release|iPhoneSimulator.Deploy.0 = Release|x64
		{C3F7626D-5AAD-426F-A6EB-349C577DFF37}.Release|x64.ActiveCfg = Release|x64
		{C3F7626D-5AAD-426F-A6EB-349C577DFF37}.Release|x64.Build.0 = Release|x64
		{C3F7626D-5AAD-426F-A6EB-349C577DFF37}.Release|x64.Deploy.0 = Release|x64
		{C3F7626D-5AAD-426F-A6EB-349C577DFF37}.Release|x86.ActiveCfg = Release|x86
		{C3F7626D-5AAD-426F-A6EB-349C577DFF37}.Release|x86.Build.0 = Release|x86
		{C3F7626D-5AAD-426F-A6EB-349C577DFF37}.Release|x86.Deploy.0 = Release|x86
		{147847B0-4F03-4917-AACE-5B69F799A2BC}.Debug|Any CPU.ActiveCfg = Debug|Any CPU
		{147847B0-4F03-4917-AACE-5B69F799A2BC}.Debug|Any CPU.Build.0 = Debug|Any CPU
		{147847B0-4F03-4917-AACE-5B69F799A2BC}.Debug|Any CPU.Deploy.0 = Debug|Any CPU
		{147847B0-4F03-4917-AACE-5B69F799A2BC}.Debug|ARM.ActiveCfg = Debug|Any CPU
		{147847B0-4F03-4917-AACE-5B69F799A2BC}.Debug|ARM.Build.0 = Debug|Any CPU
		{147847B0-4F03-4917-AACE-5B69F799A2BC}.Debug|ARM.Deploy.0 = Debug|Any CPU
		{147847B0-4F03-4917-AACE-5B69F799A2BC}.Debug|iPhone.ActiveCfg = Debug|Any CPU
		{147847B0-4F03-4917-AACE-5B69F799A2BC}.Debug|iPhone.Build.0 = Debug|Any CPU
		{147847B0-4F03-4917-AACE-5B69F799A2BC}.Debug|iPhone.Deploy.0 = Debug|Any CPU
		{147847B0-4F03-4917-AACE-5B69F799A2BC}.Debug|iPhoneSimulator.ActiveCfg = Debug|Any CPU
		{147847B0-4F03-4917-AACE-5B69F799A2BC}.Debug|iPhoneSimulator.Build.0 = Debug|Any CPU
		{147847B0-4F03-4917-AACE-5B69F799A2BC}.Debug|iPhoneSimulator.Deploy.0 = Debug|Any CPU
		{147847B0-4F03-4917-AACE-5B69F799A2BC}.Debug|x64.ActiveCfg = Debug|Any CPU
		{147847B0-4F03-4917-AACE-5B69F799A2BC}.Debug|x64.Build.0 = Debug|Any CPU
		{147847B0-4F03-4917-AACE-5B69F799A2BC}.Debug|x64.Deploy.0 = Debug|Any CPU
		{147847B0-4F03-4917-AACE-5B69F799A2BC}.Debug|x86.ActiveCfg = Debug|Any CPU
		{147847B0-4F03-4917-AACE-5B69F799A2BC}.Debug|x86.Build.0 = Debug|Any CPU
		{147847B0-4F03-4917-AACE-5B69F799A2BC}.Debug|x86.Deploy.0 = Debug|Any CPU
		{147847B0-4F03-4917-AACE-5B69F799A2BC}.Release|Any CPU.ActiveCfg = Release|Any CPU
		{147847B0-4F03-4917-AACE-5B69F799A2BC}.Release|Any CPU.Build.0 = Release|Any CPU
		{147847B0-4F03-4917-AACE-5B69F799A2BC}.Release|Any CPU.Deploy.0 = Release|Any CPU
		{147847B0-4F03-4917-AACE-5B69F799A2BC}.Release|ARM.ActiveCfg = Release|Any CPU
		{147847B0-4F03-4917-AACE-5B69F799A2BC}.Release|ARM.Build.0 = Release|Any CPU
		{147847B0-4F03-4917-AACE-5B69F799A2BC}.Release|ARM.Deploy.0 = Release|Any CPU
		{147847B0-4F03-4917-AACE-5B69F799A2BC}.Release|iPhone.ActiveCfg = Release|Any CPU
		{147847B0-4F03-4917-AACE-5B69F799A2BC}.Release|iPhone.Build.0 = Release|Any CPU
		{147847B0-4F03-4917-AACE-5B69F799A2BC}.Release|iPhone.Deploy.0 = Release|Any CPU
		{147847B0-4F03-4917-AACE-5B69F799A2BC}.Release|iPhoneSimulator.ActiveCfg = Release|Any CPU
		{147847B0-4F03-4917-AACE-5B69F799A2BC}.Release|iPhoneSimulator.Build.0 = Release|Any CPU
		{147847B0-4F03-4917-AACE-5B69F799A2BC}.Release|iPhoneSimulator.Deploy.0 = Release|Any CPU
		{147847B0-4F03-4917-AACE-5B69F799A2BC}.Release|x64.ActiveCfg = Release|Any CPU
		{147847B0-4F03-4917-AACE-5B69F799A2BC}.Release|x64.Build.0 = Release|Any CPU
		{147847B0-4F03-4917-AACE-5B69F799A2BC}.Release|x64.Deploy.0 = Release|Any CPU
		{147847B0-4F03-4917-AACE-5B69F799A2BC}.Release|x86.ActiveCfg = Release|Any CPU
		{147847B0-4F03-4917-AACE-5B69F799A2BC}.Release|x86.Build.0 = Release|Any CPU
		{147847B0-4F03-4917-AACE-5B69F799A2BC}.Release|x86.Deploy.0 = Release|Any CPU
		{24B2524C-D14A-422F-9299-268DD4F9D759}.Debug|Any CPU.ActiveCfg = Debug|iPhoneSimulator
		{24B2524C-D14A-422F-9299-268DD4F9D759}.Debug|Any CPU.Build.0 = Debug|iPhoneSimulator
		{24B2524C-D14A-422F-9299-268DD4F9D759}.Debug|Any CPU.Deploy.0 = Debug|iPhoneSimulator
		{24B2524C-D14A-422F-9299-268DD4F9D759}.Debug|ARM.ActiveCfg = Debug|iPhoneSimulator
		{24B2524C-D14A-422F-9299-268DD4F9D759}.Debug|ARM.Build.0 = Debug|iPhoneSimulator
		{24B2524C-D14A-422F-9299-268DD4F9D759}.Debug|ARM.Deploy.0 = Debug|iPhoneSimulator
		{24B2524C-D14A-422F-9299-268DD4F9D759}.Debug|iPhone.ActiveCfg = Debug|iPhone
		{24B2524C-D14A-422F-9299-268DD4F9D759}.Debug|iPhone.Build.0 = Debug|iPhone
		{24B2524C-D14A-422F-9299-268DD4F9D759}.Debug|iPhone.Deploy.0 = Debug|iPhone
		{24B2524C-D14A-422F-9299-268DD4F9D759}.Debug|iPhoneSimulator.ActiveCfg = Debug|iPhoneSimulator
		{24B2524C-D14A-422F-9299-268DD4F9D759}.Debug|iPhoneSimulator.Build.0 = Debug|iPhoneSimulator
		{24B2524C-D14A-422F-9299-268DD4F9D759}.Debug|iPhoneSimulator.Deploy.0 = Debug|iPhoneSimulator
		{24B2524C-D14A-422F-9299-268DD4F9D759}.Debug|x64.ActiveCfg = Debug|iPhone
		{24B2524C-D14A-422F-9299-268DD4F9D759}.Debug|x64.Build.0 = Debug|iPhone
		{24B2524C-D14A-422F-9299-268DD4F9D759}.Debug|x64.Deploy.0 = Debug|iPhone
		{24B2524C-D14A-422F-9299-268DD4F9D759}.Debug|x86.ActiveCfg = Debug|iPhoneSimulator
		{24B2524C-D14A-422F-9299-268DD4F9D759}.Debug|x86.Build.0 = Debug|iPhoneSimulator
		{24B2524C-D14A-422F-9299-268DD4F9D759}.Debug|x86.Deploy.0 = Debug|iPhoneSimulator
		{24B2524C-D14A-422F-9299-268DD4F9D759}.Release|Any CPU.ActiveCfg = Release|iPhoneSimulator
		{24B2524C-D14A-422F-9299-268DD4F9D759}.Release|Any CPU.Build.0 = Release|iPhoneSimulator
		{24B2524C-D14A-422F-9299-268DD4F9D759}.Release|Any CPU.Deploy.0 = Release|iPhoneSimulator
		{24B2524C-D14A-422F-9299-268DD4F9D759}.Release|ARM.ActiveCfg = Release|iPhoneSimulator
		{24B2524C-D14A-422F-9299-268DD4F9D759}.Release|ARM.Build.0 = Release|iPhoneSimulator
		{24B2524C-D14A-422F-9299-268DD4F9D759}.Release|ARM.Deploy.0 = Release|iPhoneSimulator
		{24B2524C-D14A-422F-9299-268DD4F9D759}.Release|iPhone.ActiveCfg = Release|iPhone
		{24B2524C-D14A-422F-9299-268DD4F9D759}.Release|iPhone.Build.0 = Release|iPhone
		{24B2524C-D14A-422F-9299-268DD4F9D759}.Release|iPhone.Deploy.0 = Release|iPhone
		{24B2524C-D14A-422F-9299-268DD4F9D759}.Release|iPhoneSimulator.ActiveCfg = Release|iPhoneSimulator
		{24B2524C-D14A-422F-9299-268DD4F9D759}.Release|iPhoneSimulator.Build.0 = Release|iPhoneSimulator
		{24B2524C-D14A-422F-9299-268DD4F9D759}.Release|iPhoneSimulator.Deploy.0 = Release|iPhoneSimulator
		{24B2524C-D14A-422F-9299-268DD4F9D759}.Release|x64.ActiveCfg = Release|iPhoneSimulator
		{24B2524C-D14A-422F-9299-268DD4F9D759}.Release|x64.Build.0 = Release|iPhoneSimulator
		{24B2524C-D14A-422F-9299-268DD4F9D759}.Release|x64.Deploy.0 = Release|iPhoneSimulator
		{24B2524C-D14A-422F-9299-268DD4F9D759}.Release|x86.ActiveCfg = Release|iPhoneSimulator
		{24B2524C-D14A-422F-9299-268DD4F9D759}.Release|x86.Build.0 = Release|iPhoneSimulator
		{24B2524C-D14A-422F-9299-268DD4F9D759}.Release|x86.Deploy.0 = Release|iPhoneSimulator
		{89590B4D-9B3F-4577-824C-0E6DB92C5296}.Debug|Any CPU.ActiveCfg = Debug|Any CPU
		{89590B4D-9B3F-4577-824C-0E6DB92C5296}.Debug|Any CPU.Build.0 = Debug|Any CPU
		{89590B4D-9B3F-4577-824C-0E6DB92C5296}.Debug|Any CPU.Deploy.0 = Debug|Any CPU
		{89590B4D-9B3F-4577-824C-0E6DB92C5296}.Debug|ARM.ActiveCfg = Debug|Any CPU
		{89590B4D-9B3F-4577-824C-0E6DB92C5296}.Debug|ARM.Build.0 = Debug|Any CPU
		{89590B4D-9B3F-4577-824C-0E6DB92C5296}.Debug|ARM.Deploy.0 = Debug|Any CPU
		{89590B4D-9B3F-4577-824C-0E6DB92C5296}.Debug|iPhone.ActiveCfg = Debug|Any CPU
		{89590B4D-9B3F-4577-824C-0E6DB92C5296}.Debug|iPhone.Build.0 = Debug|Any CPU
		{89590B4D-9B3F-4577-824C-0E6DB92C5296}.Debug|iPhone.Deploy.0 = Debug|Any CPU
		{89590B4D-9B3F-4577-824C-0E6DB92C5296}.Debug|iPhoneSimulator.ActiveCfg = Debug|Any CPU
		{89590B4D-9B3F-4577-824C-0E6DB92C5296}.Debug|iPhoneSimulator.Build.0 = Debug|Any CPU
		{89590B4D-9B3F-4577-824C-0E6DB92C5296}.Debug|iPhoneSimulator.Deploy.0 = Debug|Any CPU
		{89590B4D-9B3F-4577-824C-0E6DB92C5296}.Debug|x64.ActiveCfg = Debug|Any CPU
		{89590B4D-9B3F-4577-824C-0E6DB92C5296}.Debug|x64.Build.0 = Debug|Any CPU
		{89590B4D-9B3F-4577-824C-0E6DB92C5296}.Debug|x64.Deploy.0 = Debug|Any CPU
		{89590B4D-9B3F-4577-824C-0E6DB92C5296}.Debug|x86.ActiveCfg = Debug|Any CPU
		{89590B4D-9B3F-4577-824C-0E6DB92C5296}.Debug|x86.Build.0 = Debug|Any CPU
		{89590B4D-9B3F-4577-824C-0E6DB92C5296}.Debug|x86.Deploy.0 = Debug|Any CPU
		{89590B4D-9B3F-4577-824C-0E6DB92C5296}.Release|Any CPU.ActiveCfg = Release|Any CPU
		{89590B4D-9B3F-4577-824C-0E6DB92C5296}.Release|Any CPU.Build.0 = Release|Any CPU
		{89590B4D-9B3F-4577-824C-0E6DB92C5296}.Release|Any CPU.Deploy.0 = Release|Any CPU
		{89590B4D-9B3F-4577-824C-0E6DB92C5296}.Release|ARM.ActiveCfg = Release|Any CPU
		{89590B4D-9B3F-4577-824C-0E6DB92C5296}.Release|ARM.Build.0 = Release|Any CPU
		{89590B4D-9B3F-4577-824C-0E6DB92C5296}.Release|ARM.Deploy.0 = Release|Any CPU
		{89590B4D-9B3F-4577-824C-0E6DB92C5296}.Release|iPhone.ActiveCfg = Release|Any CPU
		{89590B4D-9B3F-4577-824C-0E6DB92C5296}.Release|iPhone.Build.0 = Release|Any CPU
		{89590B4D-9B3F-4577-824C-0E6DB92C5296}.Release|iPhone.Deploy.0 = Release|Any CPU
		{89590B4D-9B3F-4577-824C-0E6DB92C5296}.Release|iPhoneSimulator.ActiveCfg = Release|Any CPU
		{89590B4D-9B3F-4577-824C-0E6DB92C5296}.Release|iPhoneSimulator.Build.0 = Release|Any CPU
		{89590B4D-9B3F-4577-824C-0E6DB92C5296}.Release|iPhoneSimulator.Deploy.0 = Release|Any CPU
		{89590B4D-9B3F-4577-824C-0E6DB92C5296}.Release|x64.ActiveCfg = Release|Any CPU
		{89590B4D-9B3F-4577-824C-0E6DB92C5296}.Release|x64.Build.0 = Release|Any CPU
		{89590B4D-9B3F-4577-824C-0E6DB92C5296}.Release|x64.Deploy.0 = Release|Any CPU
		{89590B4D-9B3F-4577-824C-0E6DB92C5296}.Release|x86.ActiveCfg = Release|Any CPU
		{89590B4D-9B3F-4577-824C-0E6DB92C5296}.Release|x86.Build.0 = Release|Any CPU
		{89590B4D-9B3F-4577-824C-0E6DB92C5296}.Release|x86.Deploy.0 = Release|Any CPU
	EndGlobalSection
	GlobalSection(SolutionProperties) = preSolution
		HideSolutionNode = FALSE
	EndGlobalSection
	GlobalSection(ExtensibilityGlobals) = postSolution
		SolutionGuid = {61832D77-21C3-4652-AB9F-062DE60BF69A}
	EndGlobalSection
EndGlobal
